
Microsoft Visual Studio Solution File, Format Version 12.00
# Visual Studio Version 17
VisualStudioVersion = 17.0.31903.59
MinimumVisualStudioVersion = 10.0.40219.1
Project("{FAE04EC0-301F-11D3-BF4B-00C04F79EFBC}") = "fundamentos", "ExemploFundamentos\fundamentos.csproj", "{7DD1BE03-3D79-44F7-BAD3-EA687957B0CA}"
EndProject
Project("{FAE04EC0-301F-11D3-BF4B-00C04F79EFBC}") = "ExemploFundamentos.Common", "ExemploFundamentos.Common\ExemploFundamentos.Common.csproj", "{F4902263-C72A-4012-A426-FF90205A12D6}"
EndProject
Global
	GlobalSection(SolutionConfigurationPlatforms) = preSolution
		Debug|Any CPU = Debug|Any CPU
		Release|Any CPU = Release|Any CPU
	EndGlobalSection
	GlobalSection(SolutionProperties) = preSolution
		HideSolutionNode = FALSE
	EndGlobalSection
	GlobalSection(ProjectConfigurationPlatforms) = postSolution
		{7DD1BE03-3D79-44F7-BAD3-EA687957B0CA}.Debug|Any CPU.ActiveCfg = Debug|Any CPU
		{7DD1BE03-3D79-44F7-BAD3-EA687957B0CA}.Debug|Any CPU.Build.0 = Debug|Any CPU
		{7DD1BE03-3D79-44F7-BAD3-EA687957B0CA}.Release|Any CPU.ActiveCfg = Release|Any CPU
		{7DD1BE03-3D79-44F7-BAD3-EA687957B0CA}.Release|Any CPU.Build.0 = Release|Any CPU
		{F4902263-C72A-4012-A426-FF90205A12D6}.Debug|Any CPU.ActiveCfg = Debug|Any CPU
		{F4902263-C72A-4012-A426-FF90205A12D6}.Debug|Any CPU.Build.0 = Debug|Any CPU
		{F4902263-C72A-4012-A426-FF90205A12D6}.Release|Any CPU.ActiveCfg = Release|Any CPU
		{F4902263-C72A-4012-A426-FF90205A12D6}.Release|Any CPU.Build.0 = Release|Any CPU
	EndGlobalSection
EndGlobal
